
Microsoft Visual Studio Solution File, Format Version 12.00
# Visual Studio Version 16
VisualStudioVersion = 16.0.29123.89
MinimumVisualStudioVersion = 10.0.40219.1
Project("{9A19103F-16F7-4668-BE54-9A1E7A4F7556}") = "MyLeassing.Common", "MyLeassing.Common\MyLeassing.Common.csproj", "{59A0767E-FD1D-44A3-AB48-81305834A142}"
EndProject
Project("{FAE04EC0-301F-11D3-BF4B-00C04F79EFBC}") = "MyLeassing.Web", "MyLeassing.Web\MyLeassing.Web.csproj", "{53D963F9-5F9F-4B38-8711-7C8BFF55A707}"
EndProject
Global
	GlobalSection(SolutionConfigurationPlatforms) = preSolution
		Debug|Any CPU = Debug|Any CPU
		Release|Any CPU = Release|Any CPU
	EndGlobalSection
	GlobalSection(ProjectConfigurationPlatforms) = postSolution
		{59A0767E-FD1D-44A3-AB48-81305834A142}.Debug|Any CPU.ActiveCfg = Debug|Any CPU
		{59A0767E-FD1D-44A3-AB48-81305834A142}.Debug|Any CPU.Build.0 = Debug|Any CPU
		{59A0767E-FD1D-44A3-AB48-81305834A142}.Release|Any CPU.ActiveCfg = Release|Any CPU
		{59A0767E-FD1D-44A3-AB48-81305834A142}.Release|Any CPU.Build.0 = Release|Any CPU
		{53D963F9-5F9F-4B38-8711-7C8BFF55A707}.Debug|Any CPU.ActiveCfg = Debug|Any CPU
		{53D963F9-5F9F-4B38-8711-7C8BFF55A707}.Debug|Any CPU.Build.0 = Debug|Any CPU
		{53D963F9-5F9F-4B38-8711-7C8BFF55A707}.Release|Any CPU.ActiveCfg = Release|Any CPU
		{53D963F9-5F9F-4B38-8711-7C8BFF55A707}.Release|Any CPU.Build.0 = Release|Any CPU
	EndGlobalSection
	GlobalSection(SolutionProperties) = preSolution
		HideSolutionNode = FALSE
	EndGlobalSection
	GlobalSection(ExtensibilityGlobals) = postSolution
		SolutionGuid = {53A7D4E6-A62F-4082-A781-BA3B347E40A1}
	EndGlobalSection
EndGlobal
